{
    "requires": true,
    "lockfileVersion": 1,
    "dependencies": {
        "open-props": {
            "version": "1.0.13",
            "resolved": "https://registry.npmjs.org/open-props/-/open-props-1.0.13.tgz",
            "integrity": "sha512-QuBM3OSXR8XG/omt2tFEAK10p+TKwrKI25l+WHdcM/w2mMQ6MMZY1LECdBIo7aBnFLWFrk5CeuFKAHwFG4ky/g=="
        },
        "postcss-jit-props": {
            "version": "1.0.2",
            "resolved": "https://registry.npmjs.org/postcss-jit-props/-/postcss-jit-props-1.0.2.tgz",
            "integrity": "sha512-U4NvuNi0fu/z+2LEl72yc3DPJ3N1qWRQMIJWi7jF0CBuHu+ebdBq3t59e2rds/8hKdQoMkpXHj6p80RxJTssug=="
        }
    }
}
